github.com/magiconair/properties v1.8.3 h1:kJSsc6EXkBLgr3SphHk9w5mtjn0bjlR4JYEXKrJ45rQ=
github.com/magiconair/properties v1.8.3/go.mod h1:y3VJvCyxH9uVvJTWEGAELF3aiYNyPKd5NZ3oSwXrF60=
github.com/sabhiram/go-tracey v0.0.0-20180906172802-620b5b676e3c h1:qvWsufSQq1v+FbKGc1bpTvIy5LoCYzP0JQ81h7k7zEU=
github.com/sabhiram/go-tracey v0.0.0-20180906172802-620b5b676e3c/go.mod h1:sb5qs/swXxIy0FN70uFEHLIa64mKXLIZVYyr04J3QLU=
